
Microsoft Visual Studio Solution File, Format Version 12.00
# Visual Studio 15
VisualStudioVersion = 15.0.26124.0
MinimumVisualStudioVersion = 15.0.26124.0
Project("{FAE04EC0-301F-11D3-BF4B-00C04F79EFBC}") = "ProAgil.API", "ProAgil.API\ProAgil.API.csproj", "{26659D73-2D7F-4335-AF7D-F8267AFF6B83}"
EndProject
Project("{FAE04EC0-301F-11D3-BF4B-00C04F79EFBC}") = "ProAgil.Domain", "ProAgil.Domain\ProAgil.Domain.csproj", "{5AAC85E7-0824-4944-A549-6A35B7701386}"
EndProject
Project("{FAE04EC0-301F-11D3-BF4B-00C04F79EFBC}") = "ProAgil.Repository", "ProAgil.Repository\ProAgil.Repository.csproj", "{8995BE21-1038-4B96-9DDD-45401AA8CB07}"
EndProject
Global
	GlobalSection(SolutionConfigurationPlatforms) = preSolution
		Debug|Any CPU = Debug|Any CPU
		Debug|x64 = Debug|x64
		Debug|x86 = Debug|x86
		Release|Any CPU = Release|Any CPU
		Release|x64 = Release|x64
		Release|x86 = Release|x86
	EndGlobalSection
	GlobalSection(SolutionProperties) = preSolution
		HideSolutionNode = FALSE
	EndGlobalSection
	GlobalSection(ProjectConfigurationPlatforms) = postSolution
		{26659D73-2D7F-4335-AF7D-F8267AFF6B83}.Debug|Any CPU.ActiveCfg = Debug|Any CPU
		{26659D73-2D7F-4335-AF7D-F8267AFF6B83}.Debug|Any CPU.Build.0 = Debug|Any CPU
		{26659D73-2D7F-4335-AF7D-F8267AFF6B83}.Debug|x64.ActiveCfg = Debug|Any CPU
		{26659D73-2D7F-4335-AF7D-F8267AFF6B83}.Debug|x64.Build.0 = Debug|Any CPU
		{26659D73-2D7F-4335-AF7D-F8267AFF6B83}.Debug|x86.ActiveCfg = Debug|Any CPU
		{26659D73-2D7F-4335-AF7D-F8267AFF6B83}.Debug|x86.Build.0 = Debug|Any CPU
		{26659D73-2D7F-4335-AF7D-F8267AFF6B83}.Release|Any CPU.ActiveCfg = Release|Any CPU
		{26659D73-2D7F-4335-AF7D-F8267AFF6B83}.Release|Any CPU.Build.0 = Release|Any CPU
		{26659D73-2D7F-4335-AF7D-F8267AFF6B83}.Release|x64.ActiveCfg = Release|Any CPU
		{26659D73-2D7F-4335-AF7D-F8267AFF6B83}.Release|x64.Build.0 = Release|Any CPU
		{26659D73-2D7F-4335-AF7D-F8267AFF6B83}.Release|x86.ActiveCfg = Release|Any CPU
		{26659D73-2D7F-4335-AF7D-F8267AFF6B83}.Release|x86.Build.0 = Release|Any CPU
		{5AAC85E7-0824-4944-A549-6A35B7701386}.Debug|Any CPU.ActiveCfg = Debug|Any CPU
		{5AAC85E7-0824-4944-A549-6A35B7701386}.Debug|Any CPU.Build.0 = Debug|Any CPU
		{5AAC85E7-0824-4944-A549-6A35B7701386}.Debug|x64.ActiveCfg = Debug|Any CPU
		{5AAC85E7-0824-4944-A549-6A35B7701386}.Debug|x64.Build.0 = Debug|Any CPU
		{5AAC85E7-0824-4944-A549-6A35B7701386}.Debug|x86.ActiveCfg = Debug|Any CPU
		{5AAC85E7-0824-4944-A549-6A35B7701386}.Debug|x86.Build.0 = Debug|Any CPU
		{5AAC85E7-0824-4944-A549-6A35B7701386}.Release|Any CPU.ActiveCfg = Release|Any CPU
		{5AAC85E7-0824-4944-A549-6A35B7701386}.Release|Any CPU.Build.0 = Release|Any CPU
		{5AAC85E7-0824-4944-A549-6A35B7701386}.Release|x64.ActiveCfg = Release|Any CPU
		{5AAC85E7-0824-4944-A549-6A35B7701386}.Release|x64.Build.0 = Release|Any CPU
		{5AAC85E7-0824-4944-A549-6A35B7701386}.Release|x86.ActiveCfg = Release|Any CPU
		{5AAC85E7-0824-4944-A549-6A35B7701386}.Release|x86.Build.0 = Release|Any CPU
		{8995BE21-1038-4B96-9DDD-45401AA8CB07}.Debug|Any CPU.ActiveCfg = Debug|Any CPU
		{8995BE21-1038-4B96-9DDD-45401AA8CB07}.Debug|Any CPU.Build.0 = Debug|Any CPU
		{8995BE21-1038-4B96-9DDD-45401AA8CB07}.Debug|x64.ActiveCfg = Debug|Any CPU
		{8995BE21-1038-4B96-9DDD-45401AA8CB07}.Debug|x64.Build.0 = Debug|Any CPU
		{8995BE21-1038-4B96-9DDD-45401AA8CB07}.Debug|x86.ActiveCfg = Debug|Any CPU
		{8995BE21-1038-4B96-9DDD-45401AA8CB07}.Debug|x86.Build.0 = Debug|Any CPU
		{8995BE21-1038-4B96-9DDD-45401AA8CB07}.Release|Any CPU.ActiveCfg = Release|Any CPU
		{8995BE21-1038-4B96-9DDD-45401AA8CB07}.Release|Any CPU.Build.0 = Release|Any CPU
		{8995BE21-1038-4B96-9DDD-45401AA8CB07}.Release|x64.ActiveCfg = Release|Any CPU
		{8995BE21-1038-4B96-9DDD-45401AA8CB07}.Release|x64.Build.0 = Release|Any CPU
		{8995BE21-1038-4B96-9DDD-45401AA8CB07}.Release|x86.ActiveCfg = Release|Any CPU
		{8995BE21-1038-4B96-9DDD-45401AA8CB07}.Release|x86.Build.0 = Release|Any CPU
	EndGlobalSection
EndGlobal
